NeoBundleLock DirDiff.vim 6c111f8b10c464afa45c6b62820bf3b50828c627
NeoBundleLock IndentConsistencyCop e50606c70944ad500834b76b6157b02bc9c043a2
NeoBundleLock Join a1774d3739b58519b07c1f06ef1f95b351876ec8
NeoBundleLock LaTeX-Box 0992511ad9b250cbe53bccbec3b0cb24feca64ec
NeoBundleLock ListToggle 6d53c79a9b58542513b159ebcf50ed16a614c53a
NeoBundleLock NrrwRgn 0b18ebdaa7b52104c0f29b16c5c3df8cf59e9113
NeoBundleLock Omnisharp 03ec1e1c3b93731166b86307ac542fdb9108105b
NeoBundleLock Session-Viminfo-Management 042c94fbe8154a52fcfd89234ba7ca6a36f73057
NeoBundleLock VIntSearch 8e95a07eef3ba7c7d838df991f6baffaa5324d81
NeoBundleLock YouCompleteMe a4a4f038d78afcb475ce13f5397b3236398a8b60
NeoBundleLock ack.vim 6a57bc0a5877800b5621f6ade5006e58eb582845
NeoBundleLock ag.vim f05f31352689be245611c893b37652110f27a2c5
NeoBundleLock agit.vim 9400717bd25f66f34cdea0520d0620ad1a9b361d
NeoBundleLock autodirmake.vim 2b7b39014b49950fa833346c9ed42dab3bb72be8
NeoBundleLock browserlink.vim b3d6071d94f8b811ba898ee79a9b20f2df457156
NeoBundleLock bufkill.vim 1beec8127b6b03ea931b8e9e973b65bb1e2d7cb0
NeoBundleLock ctrlsf.vim 9378bf62fdcd3b7d1d4a2b99628429fa573ca518
NeoBundleLock delimitMate c78a6e6d937333fed276bddc4589f6313e277a8e
NeoBundleLock emmet-vim 1c46c5fb775606621906f0bedc8da8bc636c1dac
NeoBundleLock eregex.vim 455e328a18284769742da35f53e8b63350003e2d
NeoBundleLock fzf 9d138173be9845fc7f2cbeab58b41f27a1f8043f
NeoBundleLock gasynctags da1bb71e128059f3e0f7163e1e0f8862b15cf7d1
NeoBundleLock gf-user-vimfn 2ec041b93e4134899194950c07efa709500d8443
NeoBundleLock gist-vim 340638a6746c8d7e7a86e7ffd4e53ff5a20e9e1c
NeoBundleLock github-issues.vim 58ce37858cbbcc17b40a94126ef0b882f26b7999
NeoBundleLock gotags 2ad937f8d3670994725a726e358e24af4bcadf3b
NeoBundleLock gtags-cscope-vim-plugin b44f8b96b7f42e990290fb3d6e8bd78b0aa313b7
NeoBundleLock gtags.vim ba3fe70d183b7a3597ce7b97d8af8b53cf6bbe84
NeoBundleLock gundo.vim 3975ac871565115e3769dc69c06bc88ddc1369af
NeoBundleLock hasksyn c434040bf13a17ca20a551223021b3ace7e453b9
NeoBundleLock ifdef-highlighting dbdb2e2116ab4e0c73ca51008c950ac0d807e709
NeoBundleLock indentLine ea6548ead8e8fcec46fcff13993059678b5be9a2
NeoBundleLock java-api-android 9c3e5ceda0d68719b1c7c2ccf21775541712aad1
NeoBundleLock java-api-complete bf71c7684796b00424930fe48c1edbc3b7e9890f
NeoBundleLock java-api-javax bc44f3828c4a1431000cfafcde7577d21b641423
NeoBundleLock java-api-junit 2b93da3d8eafb7ee2126c97316043f0564df6d0c
NeoBundleLock java-api-org 7851999add93af32aca7f97027e9c75398b96d85
NeoBundleLock java-api-servlet2.3 205b67f09e98327f0f1bec9377838c68548f23f5
NeoBundleLock java-api-sun fd7f0e67c8dc5999ccd70fb3529872f51f8d58f5
NeoBundleLock junkfile.vim 959b3137dda456789d402b416d962baefc3b5ab4
NeoBundleLock lusty 0e73d8de62bcf674dff647790e03c786afc6b260
NeoBundleLock multiwindow-source-code-browsing 47ebd9213563645a781f5fb5c904a6bed4f4e25f
NeoBundleLock neobundle.vim f5ace1d749382ab5e5a22670d57c61303a927b72
NeoBundleLock neocomplete.vim 55bb5f8bef3de4d361077ae321bb4354d886782b
NeoBundleLock neomru.vim 716dc7280332a8a10955025c57873ee9f8302b2a
NeoBundleLock rainbow 9a609c651b54a754183fe79fc302f41c521119e2
NeoBundleLock rust.vim 2450ecf3091cc7c2711ca9f00eae8e3bedd04376
NeoBundleLock scvim f1b5e0de1226f7969624268a2a17072c72905a0c
NeoBundleLock sidepanel.vim a4ecbf8b1ea8e7db3c283167f14b3783deae5f70
NeoBundleLock syntastic ebadf9aff53da37b80becbb1f60f473c3ccfb555
NeoBundleLock tabular 60f25648814f0695eeb6c1040d97adca93c4e0bb
NeoBundleLock tagbar 3634e7ab4feeab8ad49166e9e716638c20f1637c
NeoBundleLock taglist.vim 53041fbc45398a9af631a20657e109707a455339
NeoBundleLock tcomment_vim 71dbf7e4a7d8cc4a094a18aaecbd1edea84f3118
NeoBundleLock tern_for_vim 0f0f27249fb8bd7db87623db727ebc9604f36dd4
NeoBundleLock ultisnips 1971030b506a8f0e2e0398fb166f21a5341f8c7a
NeoBundleLock unite-gtags 0031b7a8fced241bd450ad7075fbd94f16ab6db6
NeoBundleLock unite-outline 0dffdfcffdd963feae958aab4260f21508692b4e
NeoBundleLock unite-tag 9e8bbe5271a3950992be39f6b586f25d2cf1a271
NeoBundleLock unite-workflow da5c2dd364444af83a770504099bd4e0875b92a3
NeoBundleLock unite.vim 704325ae48cf96d6c9588279c733f50f78dec3e4
NeoBundleLock vim-abolish 665bed73aded4049a6d9bdaf3c87ee69af983abb
NeoBundleLock vim-clang-format 8894970462a8403dea283b2ab60938142e31d41b
NeoBundleLock vim-colors c5f29c9ea7da44a0b5cec8d018e2345e18a7f838
NeoBundleLock vim-ctrlspace 6f20f0333a6c7d0d9f77da41325a285c002298e7
NeoBundleLock vim-diff-enhanced 389e02e100ffedf7474ce8924512fac37f846a4d
NeoBundleLock vim-dispatch 70d47ab198458cd0869283cd4252df4fee6e622d
NeoBundleLock vim-endwise bba43b831ae0485cf9b86d16340a6a314b927391
NeoBundleLock vim-eunuch e36b9a701dd3d8054e6b8a77b14710276a1d93c8
NeoBundleLock vim-fixkey 0189eb956903bd46152d7185febe6df0cf5639d1
NeoBundleLock vim-fswitch e716da1ee6f80ee859b36083e6d6c3d7617b72e7
NeoBundleLock vim-fugitive 0095769029709b531d2505ee6ad9907dd9bd72a0
NeoBundleLock vim-gf-user f9a939a53df7876b9205a087fe903d15e4b26dcd
NeoBundleLock vim-git 36126609572d95e93cc8b06f73670fbbf3a3736a
NeoBundleLock vim-git-log d79123cec425cb6224219db99263fd63b191f566
NeoBundleLock vim-gitgutter 1a7f1c5bf64726c338d82d62f9be64dcfd289a09
NeoBundleLock vim-github-dashboard 39392c4514739bc447db0cb753987f4fec0ecec0
NeoBundleLock vim-gocode b9604176dc910ec6e32301eb9cdd431a9c9887a4
NeoBundleLock vim-golang e6d0c6a72a66af2674b96233c4747661e0f47a8c
NeoBundleLock vim-instant-markdown cd8a9e1d40852676f8a1cd2d8d2fcba7965b098a
NeoBundleLock vim-json 3dccc18eded2e782870d7134b0045b297caee758
NeoBundleLock vim-like-emacs bca1a3cc4fa68bfbaf17aaf79035d75e3d59e798
NeoBundleLock vim-markdown 409c37b205afa2f9d590e23de8171482d66770e2
NeoBundleLock vim-mathematica c55aa3a434bec7c0e785471bddebc317f6525ab5
NeoBundleLock vim-merginal 46728bfa55f08a60fa168bc104f77a38f216668e
NeoBundleLock vim-move 477bfb73b5a6bd3a3a292b07924b35d90a743b05
NeoBundleLock vim-nodejs-complete 1e2f98f4366c6dec27fa8df72971fa9fa33e9f07
NeoBundleLock vim-perl 457177c15c6217fee8f990bd818b1eeb6cc63c5c
NeoBundleLock vim-projectroot bf3379e5fc1b823af476f6968fa55e57b0f7bcc5
NeoBundleLock vim-python-pep8-indent e66de53b9e4c58e6d950b8dce8a0c32703bedb81
NeoBundleLock vim-qfreplace 89e64ae24fb4b8e2402ba6d84971c06606f4adf4
NeoBundleLock vim-racer d0d9cfd17dc1345f9ce86321e952e43a7c31800c
NeoBundleLock vim-ref 63cef8fe51e597f0b0475b654961cef01feabd93
NeoBundleLock vim-regionsyntax f0056a4c418901750e5794c134f0ceacdeff4986
NeoBundleLock vim-rename2 29369ffd71dae26ad604805e6816fd5f2b526601
NeoBundleLock vim-repeat b01aafbd8d44573abf0ad36afb2df66e92f1a680
NeoBundleLock vim-rtags d7ac4a9bbc61526144c94cc4fcb13a28cdda8d1c
NeoBundleLock vim-sbt 60f51c1cd71c7d7768e22b5fccdb2121de65b1d8
NeoBundleLock vim-scala 71ada50fc5e2b3c9fdbdb75835a218d2c245efec
NeoBundleLock vim-stargate 386f6a3860d4ba29b6ad1590ad8b148aff0281b1
NeoBundleLock vim-surround 772ab9587b7d1e2c3bae75395c9123803059ba8a
NeoBundleLock vim-tags 54811d025ab5f14dd535d58ba6b824566231791a
NeoBundleLock vim-tbone 891887b881bc818a1f8bd33904ac48e1dd471d6a
NeoBundleLock vim-test 1e06cbfc96189bdd712173f17a0a46cd72e46bf7
NeoBundleLock vim-tmux d3e78379ad0f6c311eb50ed265aa4d0bc06dcda1
NeoBundleLock vim-tmux-navigator 928a52fbda90ec70b2eb6edaf570654df4521af0
NeoBundleLock vim-unimpaired 3548479cc154154cbdbb6737ca08a47937cc7113
NeoBundleLock vim-xkbswitch 932765d8a45b0c8b994b920505b8f10cc7e8cad0
NeoBundleLock vimfiler.vim 57078e1dc9dd2ee50b8a711fc462f64a3e05e161
NeoBundleLock vimproc 0f68bcd93399ecbcde3eaa4efd09107314c9bdee
NeoBundleLock vimproc.vim 0f68bcd93399ecbcde3eaa4efd09107314c9bdee
NeoBundleLock vimux a991ce8abdea28ff5ab0adb314d33abe67e13409
NeoBundleLock vital.vim d5703b75cb56a204b6ab26ebc22e423ac5cbea1d
NeoBundleLock webapi-vim a7789abffe936db56e3152e23733847f94755753
NeoBundleLock wmgraphviz.vim c0d1a61c66a0ba5fdb2633b8fdcfc30c8cb24fbc
NeoBundleLock wordpress.vim 99988b2e92e91a85d6d3e66669b3f603ee102907
NeoBundleLock xmledit 30f526fa169bc3d0c21fd3f6984f3bfef62e9a69
NeoBundleLock yate 011a5d1fd69b93ebc03e8d5491d76ef5f088c6a8
